
Microsoft Visual Studio Solution File, Format Version 12.00
# Visual Studio Version 17
VisualStudioVersion = 17.0.32014.148
MinimumVisualStudioVersion = 10.0.40219.1
Project("{FAE04EC0-301F-11D3-BF4B-00C04F79EFBC}") = "DedMazay", "DedMazay\DedMazay.csproj", "{42CAF185-5B98-4C08-8C28-9707B9C95DF7}"
EndProject
Global
	GlobalSection(SolutionConfigurationPlatforms) = preSolution
		Debug|Any CPU = Debug|Any CPU
		Release|Any CPU = Release|Any CPU
	EndGlobalSection
	GlobalSection(ProjectConfigurationPlatforms) = postSolution
		{42CAF185-5B98-4C08-8C28-9707B9C95DF7}.Debug|Any CPU.ActiveCfg = Debug|Any CPU
		{42CAF185-5B98-4C08-8C28-9707B9C95DF7}.Debug|Any CPU.Build.0 = Debug|Any CPU
		{42CAF185-5B98-4C08-8C28-9707B9C95DF7}.Release|Any CPU.ActiveCfg = Release|Any CPU
		{42CAF185-5B98-4C08-8C28-9707B9C95DF7}.Release|Any CPU.Build.0 = Release|Any CPU
	EndGlobalSection
	GlobalSection(SolutionProperties) = preSolution
		HideSolutionNode = FALSE
	EndGlobalSection
	GlobalSection(ExtensibilityGlobals) = postSolution
		SolutionGuid = {9686DDAD-41B2-4CB2-A7F7-410485EC74C9}
	EndGlobalSection
EndGlobal
